
Microsoft Visual Studio Solution File, Format Version 12.00
# Visual Studio Version 16
VisualStudioVersion = 16.0.29613.14
MinimumVisualStudioVersion = 10.0.40219.1
Project("{9A19103F-16F7-4668-BE54-9A1E7A4F7556}") = "Sanitizer", "Sanitizer\Sanitizer.csproj", "{4EE7CE6D-F009-43F7-A2D8-44CFD7BF89CC}"
EndProject
Project("{9A19103F-16F7-4668-BE54-9A1E7A4F7556}") = "Sanitizer.Contracts", "Sanitizer.Contracts\Sanitizer.Contracts.csproj", "{B7A2E940-143D-4BBE-8066-3D3B415B7FE1}"
EndProject
Project("{9A19103F-16F7-4668-BE54-9A1E7A4F7556}") = "UserAndUserProfileSanitizer", "UserAndUserProfileSanitizer\UserAndUserProfileSanitizer.csproj", "{16BF20B3-D13A-48D4-BF01-A4D5F18209F2}"
EndProject
Project("{9A19103F-16F7-4668-BE54-9A1E7A4F7556}") = "Sanitizer.Model", "Sanitizer.Model\Sanitizer.Model.csproj", "{102DA37E-0D73-46E6-B53A-019A33C33DDF}"
EndProject
Project("{FAE04EC0-301F-11D3-BF4B-00C04F79EFBC}") = "AssessmentSanitizer", "AssessmentSanitizer\AssessmentSanitizer.csproj", "{1EE57BC7-8FF7-4E6B-96AC-BABB6FAEB7C0}"
EndProject
Project("{2150E333-8FDC-42A3-9474-1A3956D46DE8}") = "Plugins", "Plugins", "{F7F708C0-7BCE-4C46-83A5-ECD7B3ACD6F6}"
EndProject
Project("{FAE04EC0-301F-11D3-BF4B-00C04F79EFBC}") = "AssessmentCriteriaCardSanitizer", "AssessmentCriteriaCardSanitizer\AssessmentCriteriaCardSanitizer.csproj", "{58A84891-FC0B-4DCC-914C-741640EF537F}"
EndProject
Project("{9A19103F-16F7-4668-BE54-9A1E7A4F7556}") = "AssessmentNoteSanitizer", "AssessmentNote\AssessmentNoteSanitizer.csproj", "{D3C3B946-C239-434E-B1AC-8270F0AC5A38}"
EndProject
Project("{9A19103F-16F7-4668-BE54-9A1E7A4F7556}") = "AssessmentVerificationStatementSanitizer", "AssessmentVerificationStatementSanitizer\AssessmentVerificationStatementSanitizer.csproj", "{72E21362-78C4-4A05-BAE2-12B080179CEE}"
EndProject
Project("{FAE04EC0-301F-11D3-BF4B-00C04F79EFBC}") = "SanitizerUtil", "SanitizerUtil\SanitizerUtil.csproj", "{EB2986D5-EE33-43C4-AD19-7C2D5E55B1DE}"
EndProject
Global
	GlobalSection(SolutionConfigurationPlatforms) = preSolution
		Debug|Any CPU = Debug|Any CPU
		Release|Any CPU = Release|Any CPU
	EndGlobalSection
	GlobalSection(ProjectConfigurationPlatforms) = postSolution
		{4EE7CE6D-F009-43F7-A2D8-44CFD7BF89CC}.Debug|Any CPU.ActiveCfg = Debug|Any CPU
		{4EE7CE6D-F009-43F7-A2D8-44CFD7BF89CC}.Debug|Any CPU.Build.0 = Debug|Any CPU
		{4EE7CE6D-F009-43F7-A2D8-44CFD7BF89CC}.Release|Any CPU.ActiveCfg = Release|Any CPU
		{4EE7CE6D-F009-43F7-A2D8-44CFD7BF89CC}.Release|Any CPU.Build.0 = Release|Any CPU
		{B7A2E940-143D-4BBE-8066-3D3B415B7FE1}.Debug|Any CPU.ActiveCfg = Debug|Any CPU
		{B7A2E940-143D-4BBE-8066-3D3B415B7FE1}.Debug|Any CPU.Build.0 = Debug|Any CPU
		{B7A2E940-143D-4BBE-8066-3D3B415B7FE1}.Release|Any CPU.ActiveCfg = Release|Any CPU
		{B7A2E940-143D-4BBE-8066-3D3B415B7FE1}.Release|Any CPU.Build.0 = Release|Any CPU
		{16BF20B3-D13A-48D4-BF01-A4D5F18209F2}.Debug|Any CPU.ActiveCfg = Debug|Any CPU
		{16BF20B3-D13A-48D4-BF01-A4D5F18209F2}.Debug|Any CPU.Build.0 = Debug|Any CPU
		{16BF20B3-D13A-48D4-BF01-A4D5F18209F2}.Release|Any CPU.ActiveCfg = Release|Any CPU
		{16BF20B3-D13A-48D4-BF01-A4D5F18209F2}.Release|Any CPU.Build.0 = Release|Any CPU
		{102DA37E-0D73-46E6-B53A-019A33C33DDF}.Debug|Any CPU.ActiveCfg = Debug|Any CPU
		{102DA37E-0D73-46E6-B53A-019A33C33DDF}.Debug|Any CPU.Build.0 = Debug|Any CPU
		{102DA37E-0D73-46E6-B53A-019A33C33DDF}.Release|Any CPU.ActiveCfg = Release|Any CPU
		{102DA37E-0D73-46E6-B53A-019A33C33DDF}.Release|Any CPU.Build.0 = Release|Any CPU
		{1EE57BC7-8FF7-4E6B-96AC-BABB6FAEB7C0}.Debug|Any CPU.ActiveCfg = Debug|Any CPU
		{1EE57BC7-8FF7-4E6B-96AC-BABB6FAEB7C0}.Debug|Any CPU.Build.0 = Debug|Any CPU
		{1EE57BC7-8FF7-4E6B-96AC-BABB6FAEB7C0}.Release|Any CPU.ActiveCfg = Release|Any CPU
		{1EE57BC7-8FF7-4E6B-96AC-BABB6FAEB7C0}.Release|Any CPU.Build.0 = Release|Any CPU
		{58A84891-FC0B-4DCC-914C-741640EF537F}.Debug|Any CPU.ActiveCfg = Debug|Any CPU
		{58A84891-FC0B-4DCC-914C-741640EF537F}.Debug|Any CPU.Build.0 = Debug|Any CPU
		{58A84891-FC0B-4DCC-914C-741640EF537F}.Release|Any CPU.ActiveCfg = Release|Any CPU
		{58A84891-FC0B-4DCC-914C-741640EF537F}.Release|Any CPU.Build.0 = Release|Any CPU
		{D3C3B946-C239-434E-B1AC-8270F0AC5A38}.Debug|Any CPU.ActiveCfg = Debug|Any CPU
		{D3C3B946-C239-434E-B1AC-8270F0AC5A38}.Debug|Any CPU.Build.0 = Debug|Any CPU
		{D3C3B946-C239-434E-B1AC-8270F0AC5A38}.Release|Any CPU.ActiveCfg = Release|Any CPU
		{D3C3B946-C239-434E-B1AC-8270F0AC5A38}.Release|Any CPU.Build.0 = Release|Any CPU
		{72E21362-78C4-4A05-BAE2-12B080179CEE}.Debug|Any CPU.ActiveCfg = Debug|Any CPU
		{72E21362-78C4-4A05-BAE2-12B080179CEE}.Debug|Any CPU.Build.0 = Debug|Any CPU
		{72E21362-78C4-4A05-BAE2-12B080179CEE}.Release|Any CPU.ActiveCfg = Release|Any CPU
		{72E21362-78C4-4A05-BAE2-12B080179CEE}.Release|Any CPU.Build.0 = Release|Any CPU
		{EB2986D5-EE33-43C4-AD19-7C2D5E55B1DE}.Debug|Any CPU.ActiveCfg = Debug|Any CPU
		{EB2986D5-EE33-43C4-AD19-7C2D5E55B1DE}.Debug|Any CPU.Build.0 = Debug|Any CPU
		{EB2986D5-EE33-43C4-AD19-7C2D5E55B1DE}.Release|Any CPU.ActiveCfg = Release|Any CPU
		{EB2986D5-EE33-43C4-AD19-7C2D5E55B1DE}.Release|Any CPU.Build.0 = Release|Any CPU
	EndGlobalSection
	GlobalSection(SolutionProperties) = preSolution
		HideSolutionNode = FALSE
	EndGlobalSection
	GlobalSection(ExtensibilityGlobals) = postSolution
		SolutionGuid = {4F378112-714A-4261-9A7D-B5B2EC0270FF}
	EndGlobalSection
EndGlobal
