
Microsoft Visual Studio Solution File, Format Version 12.00
# Visual Studio Version 16
VisualStudioVersion = 16.0.29613.14
MinimumVisualStudioVersion = 10.0.40219.1
Project("{9A19103F-16F7-4668-BE54-9A1E7A4F7556}") = "Sanitizer", "Sanitizer\Sanitizer.csproj", "{4EE7CE6D-F009-43F7-A2D8-44CFD7BF89CC}"
EndProject
Project("{9A19103F-16F7-4668-BE54-9A1E7A4F7556}") = "Sanitizer.Contracts", "Sanitizer.Contracts\Sanitizer.Contracts.csproj", "{B7A2E940-143D-4BBE-8066-3D3B415B7FE1}"
EndProject
Project("{9A19103F-16F7-4668-BE54-9A1E7A4F7556}") = "UserAndUserProfileSanitizer", "UserAndUserProfileSanitizer\UserAndUserProfileSanitizer.csproj", "{16BF20B3-D13A-48D4-BF01-A4D5F18209F2}"
EndProject
Project("{9A19103F-16F7-4668-BE54-9A1E7A4F7556}") = "Sanitizer.Model", "Sanitizer.Model\Sanitizer.Model.csproj", "{102DA37E-0D73-46E6-B53A-019A33C33DDF}"
EndProject
Project("{9A19103F-16F7-4668-BE54-9A1E7A4F7556}") = "AssessmentSanitizer", "AssessmentSanitizer\AssessmentSanitizer.csproj", "{1EE57BC7-8FF7-4E6B-96AC-BABB6FAEB7C0}"
EndProject
Project("{2150E333-8FDC-42A3-9474-1A3956D46DE8}") = "Plugins", "Plugins", "{F7F708C0-7BCE-4C46-83A5-ECD7B3ACD6F6}"
EndProject
Project("{9A19103F-16F7-4668-BE54-9A1E7A4F7556}") = "AssessmentCriteriaCardSanitizer", "AssessmentCriteriaCardSanitizer\AssessmentCriteriaCardSanitizer.csproj", "{58A84891-FC0B-4DCC-914C-741640EF537F}"
EndProject
Project("{9A19103F-16F7-4668-BE54-9A1E7A4F7556}") = "AssessmentNoteSanitizer", "AssessmentNote\AssessmentNoteSanitizer.csproj", "{D3C3B946-C239-434E-B1AC-8270F0AC5A38}"
EndProject
Project("{9A19103F-16F7-4668-BE54-9A1E7A4F7556}") = "AssessmentVerificationStatementSanitizer", "AssessmentVerificationStatementSanitizer\AssessmentVerificationStatementSanitizer.csproj", "{72E21362-78C4-4A05-BAE2-12B080179CEE}"
EndProject
Project("{9A19103F-16F7-4668-BE54-9A1E7A4F7556}") = "SanitizerUtil", "SanitizerUtil\SanitizerUtil.csproj", "{EB2986D5-EE33-43C4-AD19-7C2D5E55B1DE}"
EndProject
Project("{9A19103F-16F7-4668-BE54-9A1E7A4F7556}") = "AssessorVerificationResponseSanitizer", "AssessorVerificationResponseSanitizer\AssessorVerificationResponseSanitizer.csproj", "{A4BD0280-661B-46FA-9845-7EB9BD27DF15}"
EndProject
Project("{9A19103F-16F7-4668-BE54-9A1E7A4F7556}") = "CertificateApplicationStatusSanitizer", "CertificateApplicationStatus\CertificateApplicationStatusSanitizer.csproj", "{464F01C8-9E5E-446D-8E30-6A6F74C8F36A}"
EndProject
Project("{9A19103F-16F7-4668-BE54-9A1E7A4F7556}") = "CompetencyCycleAssessmentWindowSanitizer", "CompetencyCycleAssessmentWindowSanitizer\CompetencyCycleAssessmentWindowSanitizer.csproj", "{A14A78B9-1A2A-4AD3-B9B0-BEACAB9A763E}"
EndProject
Project("{9A19103F-16F7-4668-BE54-9A1E7A4F7556}") = "ComplementaryCertificateUserDetailSanitizer", "ComplementaryCertificateUserDetail\ComplementaryCertificateUserDetailSanitizer.csproj", "{C54BDB3A-80C4-483D-B3AD-1BE100C91EC3}"
EndProject
Project("{9A19103F-16F7-4668-BE54-9A1E7A4F7556}") = "ComplementaryCertificateUserDetailLanguageSkillSanitizer", "ComplementaryCertificateUserDetailLanguageSkill\ComplementaryCertificateUserDetailLanguageSkillSanitizer.csproj", "{3027D651-15C6-41AE-B066-14E4299DED83}"
EndProject
Project("{9A19103F-16F7-4668-BE54-9A1E7A4F7556}") = "DriverIrregularitySanitizer", "DriverIrregularity\DriverIrregularitySanitizer.csproj", "{157A4AB4-E0E8-419A-A36D-A9AB6B40E96A}"
EndProject
Project("{9A19103F-16F7-4668-BE54-9A1E7A4F7556}") = "EmployeeAuthorityToWorkStatusSanitizer", "EmployeeAuthorityToWorkStatus\EmployeeAuthorityToWorkStatusSanitizer.csproj", "{5F3FF9C0-F4EB-4279-B57A-E00D42865E68}"
EndProject
Project("{9A19103F-16F7-4668-BE54-9A1E7A4F7556}") = "EmployeeSafetyCriticalStatusSanitizer", "EmployeeSafetyCriticalStatus\EmployeeSafetyCriticalStatusSanitizer.csproj", "{115AA6B8-912D-41D1-97FF-FB17271BB19A}"
EndProject
Project("{9A19103F-16F7-4668-BE54-9A1E7A4F7556}") = "EtdlApplicationDetailSanitizer", "EtdlApplicationDetail\EtdlApplicationDetailSanitizer.csproj", "{B50FDBDB-5CFF-466F-A5AE-E4FA24623258}"
EndProject
Project("{9A19103F-16F7-4668-BE54-9A1E7A4F7556}") = "EtdlUpdateSanitizer", "EtdlUpdate\EtdlUpdateSanitizer.csproj", "{8543C937-976B-4C87-8653-0FA0BCEF9034}"
EndProject
Project("{9A19103F-16F7-4668-BE54-9A1E7A4F7556}") = "EtdlUserDetailSanitizer", "EtdlUserDetail\EtdlUserDetailSanitizer.csproj", "{1BFB1894-84D3-4BEF-9436-9B240B9046E8}"
EndProject
Project("{9A19103F-16F7-4668-BE54-9A1E7A4F7556}") = "IncidentSanitizer", "Incident\IncidentSanitizer.csproj", "{436EF8A0-8D23-41CB-BFE1-943624B431C8}"
EndProject
Project("{9A19103F-16F7-4668-BE54-9A1E7A4F7556}") = "IncidentEventSanitizer", "IncidentEvent\IncidentEventSanitizer.csproj", "{5FF5D95A-B3DF-48EC-AFF5-0B749C368F30}"
EndProject
Project("{9A19103F-16F7-4668-BE54-9A1E7A4F7556}") = "SupportPlanSanitizer", "SupportPlan\SupportPlanSanitizer.csproj", "{61EEE5BA-31EC-4C5D-A969-735D2F025694}"
EndProject
Project("{9A19103F-16F7-4668-BE54-9A1E7A4F7556}") = "SupportPlanAimObjectiveSanitizer", "SupportPlanAimObjective\SupportPlanAimObjectiveSanitizer.csproj", "{5C65C232-39E6-4752-81A9-9BE44AE5CBE5}"
EndProject
Project("{9A19103F-16F7-4668-BE54-9A1E7A4F7556}") = "SupportPlanInteractionSanitizer", "SupportPlanInteraction\SupportPlanInteractionSanitizer.csproj", "{652641E4-CAF2-4615-B348-36FE6C56CBDA}"
EndProject
Project("{9A19103F-16F7-4668-BE54-9A1E7A4F7556}") = "SupportPlanManagerJustificationSanitizer", "SupportPlanManagerJustification\SupportPlanManagerJustificationSanitizer.csproj", "{3AD31F23-4933-4EDC-9E6F-5108C5EE4D87}"
EndProject
Project("{2150E333-8FDC-42A3-9474-1A3956D46DE8}") = "Solution Items", "Solution Items", "{AB9DF928-D60D-47DA-B6CD-5C1C53728B0A}"
EndProject
Project("{9A19103F-16F7-4668-BE54-9A1E7A4F7556}") = "SupportPlanNoteSanitizer", "SupportPlanNote\SupportPlanNoteSanitizer.csproj", "{E8F7BB97-8033-4A38-AA0F-E6A4C17C6897}"
EndProject
Project("{9A19103F-16F7-4668-BE54-9A1E7A4F7556}") = "SupportPlanVerificationStatementSanitizer", "SupportPlanVerificationStatement\SupportPlanVerificationStatementSanitizer.csproj", "{992E716F-58A2-44D9-A6A3-84432416DEDB}"
EndProject
Project("{9A19103F-16F7-4668-BE54-9A1E7A4F7556}") = "UserFileNoteSanitizer", "UserFileNote\UserFileNoteSanitizer.csproj", "{EB27F4A2-2735-4E0F-BBF8-0B5661CD4FBE}"
EndProject
Project("{9A19103F-16F7-4668-BE54-9A1E7A4F7556}") = "UserMedicalDetailSanitizer", "UserMedicalDetail\UserMedicalDetailSanitizer.csproj", "{D9BD0BC4-F6F1-4DA1-B7B2-12CC964BA8A3}"
EndProject
Project("{9A19103F-16F7-4668-BE54-9A1E7A4F7556}") = "UserMedicalDetailMedicalStatusSanitizer", "UserMedicalDetailMedicalStatus\UserMedicalDetailMedicalStatusSanitizer.csproj", "{96D11556-E2A2-4D73-893B-0096FB064DBB}"
EndProject
Project("{9A19103F-16F7-4668-BE54-9A1E7A4F7556}") = "UserMedicationInformationSanitizer", "UserMedicationInformation\UserMedicationInformationSanitizer.csproj", "{DC172315-0BFF-40DB-B50A-B57C3BFD33EF}"
EndProject
Project("{9A19103F-16F7-4668-BE54-9A1E7A4F7556}") = "VerificationStatementSanitizer", "VerificationStatement\VerificationStatementSanitizer.csproj", "{D50C1433-DEB9-43D7-9E90-C70BDA69BB46}"
EndProject
Global
	GlobalSection(SolutionConfigurationPlatforms) = preSolution
		Debug|Any CPU = Debug|Any CPU
		Release|Any CPU = Release|Any CPU
	EndGlobalSection
	GlobalSection(ProjectConfigurationPlatforms) = postSolution
		{4EE7CE6D-F009-43F7-A2D8-44CFD7BF89CC}.Debug|Any CPU.ActiveCfg = Debug|Any CPU
		{4EE7CE6D-F009-43F7-A2D8-44CFD7BF89CC}.Debug|Any CPU.Build.0 = Debug|Any CPU
		{4EE7CE6D-F009-43F7-A2D8-44CFD7BF89CC}.Release|Any CPU.ActiveCfg = Release|Any CPU
		{4EE7CE6D-F009-43F7-A2D8-44CFD7BF89CC}.Release|Any CPU.Build.0 = Release|Any CPU
		{B7A2E940-143D-4BBE-8066-3D3B415B7FE1}.Debug|Any CPU.ActiveCfg = Debug|Any CPU
		{B7A2E940-143D-4BBE-8066-3D3B415B7FE1}.Debug|Any CPU.Build.0 = Debug|Any CPU
		{B7A2E940-143D-4BBE-8066-3D3B415B7FE1}.Release|Any CPU.ActiveCfg = Release|Any CPU
		{B7A2E940-143D-4BBE-8066-3D3B415B7FE1}.Release|Any CPU.Build.0 = Release|Any CPU
		{16BF20B3-D13A-48D4-BF01-A4D5F18209F2}.Debug|Any CPU.ActiveCfg = Debug|Any CPU
		{16BF20B3-D13A-48D4-BF01-A4D5F18209F2}.Debug|Any CPU.Build.0 = Debug|Any CPU
		{16BF20B3-D13A-48D4-BF01-A4D5F18209F2}.Release|Any CPU.ActiveCfg = Release|Any CPU
		{16BF20B3-D13A-48D4-BF01-A4D5F18209F2}.Release|Any CPU.Build.0 = Release|Any CPU
		{102DA37E-0D73-46E6-B53A-019A33C33DDF}.Debug|Any CPU.ActiveCfg = Debug|Any CPU
		{102DA37E-0D73-46E6-B53A-019A33C33DDF}.Debug|Any CPU.Build.0 = Debug|Any CPU
		{102DA37E-0D73-46E6-B53A-019A33C33DDF}.Release|Any CPU.ActiveCfg = Release|Any CPU
		{102DA37E-0D73-46E6-B53A-019A33C33DDF}.Release|Any CPU.Build.0 = Release|Any CPU
		{1EE57BC7-8FF7-4E6B-96AC-BABB6FAEB7C0}.Debug|Any CPU.ActiveCfg = Debug|Any CPU
		{1EE57BC7-8FF7-4E6B-96AC-BABB6FAEB7C0}.Debug|Any CPU.Build.0 = Debug|Any CPU
		{1EE57BC7-8FF7-4E6B-96AC-BABB6FAEB7C0}.Release|Any CPU.ActiveCfg = Release|Any CPU
		{1EE57BC7-8FF7-4E6B-96AC-BABB6FAEB7C0}.Release|Any CPU.Build.0 = Release|Any CPU
		{58A84891-FC0B-4DCC-914C-741640EF537F}.Debug|Any CPU.ActiveCfg = Debug|Any CPU
		{58A84891-FC0B-4DCC-914C-741640EF537F}.Debug|Any CPU.Build.0 = Debug|Any CPU
		{58A84891-FC0B-4DCC-914C-741640EF537F}.Release|Any CPU.ActiveCfg = Release|Any CPU
		{58A84891-FC0B-4DCC-914C-741640EF537F}.Release|Any CPU.Build.0 = Release|Any CPU
		{D3C3B946-C239-434E-B1AC-8270F0AC5A38}.Debug|Any CPU.ActiveCfg = Debug|Any CPU
		{D3C3B946-C239-434E-B1AC-8270F0AC5A38}.Debug|Any CPU.Build.0 = Debug|Any CPU
		{D3C3B946-C239-434E-B1AC-8270F0AC5A38}.Release|Any CPU.ActiveCfg = Release|Any CPU
		{D3C3B946-C239-434E-B1AC-8270F0AC5A38}.Release|Any CPU.Build.0 = Release|Any CPU
		{72E21362-78C4-4A05-BAE2-12B080179CEE}.Debug|Any CPU.ActiveCfg = Debug|Any CPU
		{72E21362-78C4-4A05-BAE2-12B080179CEE}.Debug|Any CPU.Build.0 = Debug|Any CPU
		{72E21362-78C4-4A05-BAE2-12B080179CEE}.Release|Any CPU.ActiveCfg = Release|Any CPU
		{72E21362-78C4-4A05-BAE2-12B080179CEE}.Release|Any CPU.Build.0 = Release|Any CPU
		{EB2986D5-EE33-43C4-AD19-7C2D5E55B1DE}.Debug|Any CPU.ActiveCfg = Debug|Any CPU
		{EB2986D5-EE33-43C4-AD19-7C2D5E55B1DE}.Debug|Any CPU.Build.0 = Debug|Any CPU
		{EB2986D5-EE33-43C4-AD19-7C2D5E55B1DE}.Release|Any CPU.ActiveCfg = Release|Any CPU
		{EB2986D5-EE33-43C4-AD19-7C2D5E55B1DE}.Release|Any CPU.Build.0 = Release|Any CPU
		{A4BD0280-661B-46FA-9845-7EB9BD27DF15}.Debug|Any CPU.ActiveCfg = Debug|Any CPU
		{A4BD0280-661B-46FA-9845-7EB9BD27DF15}.Debug|Any CPU.Build.0 = Debug|Any CPU
		{A4BD0280-661B-46FA-9845-7EB9BD27DF15}.Release|Any CPU.ActiveCfg = Release|Any CPU
		{A4BD0280-661B-46FA-9845-7EB9BD27DF15}.Release|Any CPU.Build.0 = Release|Any CPU
		{464F01C8-9E5E-446D-8E30-6A6F74C8F36A}.Debug|Any CPU.ActiveCfg = Debug|Any CPU
		{464F01C8-9E5E-446D-8E30-6A6F74C8F36A}.Debug|Any CPU.Build.0 = Debug|Any CPU
		{464F01C8-9E5E-446D-8E30-6A6F74C8F36A}.Release|Any CPU.ActiveCfg = Release|Any CPU
		{464F01C8-9E5E-446D-8E30-6A6F74C8F36A}.Release|Any CPU.Build.0 = Release|Any CPU
		{A14A78B9-1A2A-4AD3-B9B0-BEACAB9A763E}.Debug|Any CPU.ActiveCfg = Debug|Any CPU
		{A14A78B9-1A2A-4AD3-B9B0-BEACAB9A763E}.Debug|Any CPU.Build.0 = Debug|Any CPU
		{A14A78B9-1A2A-4AD3-B9B0-BEACAB9A763E}.Release|Any CPU.ActiveCfg = Release|Any CPU
		{A14A78B9-1A2A-4AD3-B9B0-BEACAB9A763E}.Release|Any CPU.Build.0 = Release|Any CPU
		{C54BDB3A-80C4-483D-B3AD-1BE100C91EC3}.Debug|Any CPU.ActiveCfg = Debug|Any CPU
		{C54BDB3A-80C4-483D-B3AD-1BE100C91EC3}.Debug|Any CPU.Build.0 = Debug|Any CPU
		{C54BDB3A-80C4-483D-B3AD-1BE100C91EC3}.Release|Any CPU.ActiveCfg = Release|Any CPU
		{C54BDB3A-80C4-483D-B3AD-1BE100C91EC3}.Release|Any CPU.Build.0 = Release|Any CPU
		{3027D651-15C6-41AE-B066-14E4299DED83}.Debug|Any CPU.ActiveCfg = Debug|Any CPU
		{3027D651-15C6-41AE-B066-14E4299DED83}.Debug|Any CPU.Build.0 = Debug|Any CPU
		{3027D651-15C6-41AE-B066-14E4299DED83}.Release|Any CPU.ActiveCfg = Release|Any CPU
		{3027D651-15C6-41AE-B066-14E4299DED83}.Release|Any CPU.Build.0 = Release|Any CPU
		{157A4AB4-E0E8-419A-A36D-A9AB6B40E96A}.Debug|Any CPU.ActiveCfg = Debug|Any CPU
		{157A4AB4-E0E8-419A-A36D-A9AB6B40E96A}.Debug|Any CPU.Build.0 = Debug|Any CPU
		{157A4AB4-E0E8-419A-A36D-A9AB6B40E96A}.Release|Any CPU.ActiveCfg = Release|Any CPU
		{157A4AB4-E0E8-419A-A36D-A9AB6B40E96A}.Release|Any CPU.Build.0 = Release|Any CPU
		{5F3FF9C0-F4EB-4279-B57A-E00D42865E68}.Debug|Any CPU.ActiveCfg = Debug|Any CPU
		{5F3FF9C0-F4EB-4279-B57A-E00D42865E68}.Debug|Any CPU.Build.0 = Debug|Any CPU
		{5F3FF9C0-F4EB-4279-B57A-E00D42865E68}.Release|Any CPU.ActiveCfg = Release|Any CPU
		{5F3FF9C0-F4EB-4279-B57A-E00D42865E68}.Release|Any CPU.Build.0 = Release|Any CPU
		{115AA6B8-912D-41D1-97FF-FB17271BB19A}.Debug|Any CPU.ActiveCfg = Debug|Any CPU
		{115AA6B8-912D-41D1-97FF-FB17271BB19A}.Debug|Any CPU.Build.0 = Debug|Any CPU
		{115AA6B8-912D-41D1-97FF-FB17271BB19A}.Release|Any CPU.ActiveCfg = Release|Any CPU
		{115AA6B8-912D-41D1-97FF-FB17271BB19A}.Release|Any CPU.Build.0 = Release|Any CPU
		{B50FDBDB-5CFF-466F-A5AE-E4FA24623258}.Debug|Any CPU.ActiveCfg = Debug|Any CPU
		{B50FDBDB-5CFF-466F-A5AE-E4FA24623258}.Debug|Any CPU.Build.0 = Debug|Any CPU
		{B50FDBDB-5CFF-466F-A5AE-E4FA24623258}.Release|Any CPU.ActiveCfg = Release|Any CPU
		{B50FDBDB-5CFF-466F-A5AE-E4FA24623258}.Release|Any CPU.Build.0 = Release|Any CPU
		{8543C937-976B-4C87-8653-0FA0BCEF9034}.Debug|Any CPU.ActiveCfg = Debug|Any CPU
		{8543C937-976B-4C87-8653-0FA0BCEF9034}.Debug|Any CPU.Build.0 = Debug|Any CPU
		{8543C937-976B-4C87-8653-0FA0BCEF9034}.Release|Any CPU.ActiveCfg = Release|Any CPU
		{8543C937-976B-4C87-8653-0FA0BCEF9034}.Release|Any CPU.Build.0 = Release|Any CPU
		{1BFB1894-84D3-4BEF-9436-9B240B9046E8}.Debug|Any CPU.ActiveCfg = Debug|Any CPU
		{1BFB1894-84D3-4BEF-9436-9B240B9046E8}.Debug|Any CPU.Build.0 = Debug|Any CPU
		{1BFB1894-84D3-4BEF-9436-9B240B9046E8}.Release|Any CPU.ActiveCfg = Release|Any CPU
		{1BFB1894-84D3-4BEF-9436-9B240B9046E8}.Release|Any CPU.Build.0 = Release|Any CPU
		{436EF8A0-8D23-41CB-BFE1-943624B431C8}.Debug|Any CPU.ActiveCfg = Debug|Any CPU
		{436EF8A0-8D23-41CB-BFE1-943624B431C8}.Debug|Any CPU.Build.0 = Debug|Any CPU
		{436EF8A0-8D23-41CB-BFE1-943624B431C8}.Release|Any CPU.ActiveCfg = Release|Any CPU
		{436EF8A0-8D23-41CB-BFE1-943624B431C8}.Release|Any CPU.Build.0 = Release|Any CPU
		{5FF5D95A-B3DF-48EC-AFF5-0B749C368F30}.Debug|Any CPU.ActiveCfg = Debug|Any CPU
		{5FF5D95A-B3DF-48EC-AFF5-0B749C368F30}.Debug|Any CPU.Build.0 = Debug|Any CPU
		{5FF5D95A-B3DF-48EC-AFF5-0B749C368F30}.Release|Any CPU.ActiveCfg = Release|Any CPU
		{5FF5D95A-B3DF-48EC-AFF5-0B749C368F30}.Release|Any CPU.Build.0 = Release|Any CPU
		{61EEE5BA-31EC-4C5D-A969-735D2F025694}.Debug|Any CPU.ActiveCfg = Debug|Any CPU
		{61EEE5BA-31EC-4C5D-A969-735D2F025694}.Debug|Any CPU.Build.0 = Debug|Any CPU
		{61EEE5BA-31EC-4C5D-A969-735D2F025694}.Release|Any CPU.ActiveCfg = Release|Any CPU
		{61EEE5BA-31EC-4C5D-A969-735D2F025694}.Release|Any CPU.Build.0 = Release|Any CPU
		{5C65C232-39E6-4752-81A9-9BE44AE5CBE5}.Debug|Any CPU.ActiveCfg = Debug|Any CPU
		{5C65C232-39E6-4752-81A9-9BE44AE5CBE5}.Debug|Any CPU.Build.0 = Debug|Any CPU
		{5C65C232-39E6-4752-81A9-9BE44AE5CBE5}.Release|Any CPU.ActiveCfg = Release|Any CPU
		{5C65C232-39E6-4752-81A9-9BE44AE5CBE5}.Release|Any CPU.Build.0 = Release|Any CPU
		{652641E4-CAF2-4615-B348-36FE6C56CBDA}.Debug|Any CPU.ActiveCfg = Debug|Any CPU
		{652641E4-CAF2-4615-B348-36FE6C56CBDA}.Debug|Any CPU.Build.0 = Debug|Any CPU
		{652641E4-CAF2-4615-B348-36FE6C56CBDA}.Release|Any CPU.ActiveCfg = Release|Any CPU
		{652641E4-CAF2-4615-B348-36FE6C56CBDA}.Release|Any CPU.Build.0 = Release|Any CPU
		{3AD31F23-4933-4EDC-9E6F-5108C5EE4D87}.Debug|Any CPU.ActiveCfg = Debug|Any CPU
		{3AD31F23-4933-4EDC-9E6F-5108C5EE4D87}.Debug|Any CPU.Build.0 = Debug|Any CPU
		{3AD31F23-4933-4EDC-9E6F-5108C5EE4D87}.Release|Any CPU.ActiveCfg = Release|Any CPU
		{3AD31F23-4933-4EDC-9E6F-5108C5EE4D87}.Release|Any CPU.Build.0 = Release|Any CPU
		{E8F7BB97-8033-4A38-AA0F-E6A4C17C6897}.Debug|Any CPU.ActiveCfg = Debug|Any CPU
		{E8F7BB97-8033-4A38-AA0F-E6A4C17C6897}.Debug|Any CPU.Build.0 = Debug|Any CPU
		{E8F7BB97-8033-4A38-AA0F-E6A4C17C6897}.Release|Any CPU.ActiveCfg = Release|Any CPU
		{E8F7BB97-8033-4A38-AA0F-E6A4C17C6897}.Release|Any CPU.Build.0 = Release|Any CPU
		{992E716F-58A2-44D9-A6A3-84432416DEDB}.Debug|Any CPU.ActiveCfg = Debug|Any CPU
		{992E716F-58A2-44D9-A6A3-84432416DEDB}.Debug|Any CPU.Build.0 = Debug|Any CPU
		{992E716F-58A2-44D9-A6A3-84432416DEDB}.Release|Any CPU.ActiveCfg = Release|Any CPU
		{992E716F-58A2-44D9-A6A3-84432416DEDB}.Release|Any CPU.Build.0 = Release|Any CPU
		{EB27F4A2-2735-4E0F-BBF8-0B5661CD4FBE}.Debug|Any CPU.ActiveCfg = Debug|Any CPU
		{EB27F4A2-2735-4E0F-BBF8-0B5661CD4FBE}.Debug|Any CPU.Build.0 = Debug|Any CPU
		{EB27F4A2-2735-4E0F-BBF8-0B5661CD4FBE}.Release|Any CPU.ActiveCfg = Release|Any CPU
		{EB27F4A2-2735-4E0F-BBF8-0B5661CD4FBE}.Release|Any CPU.Build.0 = Release|Any CPU
		{D9BD0BC4-F6F1-4DA1-B7B2-12CC964BA8A3}.Debug|Any CPU.ActiveCfg = Debug|Any CPU
		{D9BD0BC4-F6F1-4DA1-B7B2-12CC964BA8A3}.Debug|Any CPU.Build.0 = Debug|Any CPU
		{D9BD0BC4-F6F1-4DA1-B7B2-12CC964BA8A3}.Release|Any CPU.ActiveCfg = Release|Any CPU
		{D9BD0BC4-F6F1-4DA1-B7B2-12CC964BA8A3}.Release|Any CPU.Build.0 = Release|Any CPU
		{96D11556-E2A2-4D73-893B-0096FB064DBB}.Debug|Any CPU.ActiveCfg = Debug|Any CPU
		{96D11556-E2A2-4D73-893B-0096FB064DBB}.Debug|Any CPU.Build.0 = Debug|Any CPU
		{96D11556-E2A2-4D73-893B-0096FB064DBB}.Release|Any CPU.ActiveCfg = Release|Any CPU
		{96D11556-E2A2-4D73-893B-0096FB064DBB}.Release|Any CPU.Build.0 = Release|Any CPU
		{DC172315-0BFF-40DB-B50A-B57C3BFD33EF}.Debug|Any CPU.ActiveCfg = Debug|Any CPU
		{DC172315-0BFF-40DB-B50A-B57C3BFD33EF}.Debug|Any CPU.Build.0 = Debug|Any CPU
		{DC172315-0BFF-40DB-B50A-B57C3BFD33EF}.Release|Any CPU.ActiveCfg = Release|Any CPU
		{DC172315-0BFF-40DB-B50A-B57C3BFD33EF}.Release|Any CPU.Build.0 = Release|Any CPU
		{D50C1433-DEB9-43D7-9E90-C70BDA69BB46}.Debug|Any CPU.ActiveCfg = Debug|Any CPU
		{D50C1433-DEB9-43D7-9E90-C70BDA69BB46}.Debug|Any CPU.Build.0 = Debug|Any CPU
		{D50C1433-DEB9-43D7-9E90-C70BDA69BB46}.Release|Any CPU.ActiveCfg = Release|Any CPU
		{D50C1433-DEB9-43D7-9E90-C70BDA69BB46}.Release|Any CPU.Build.0 = Release|Any CPU
	EndGlobalSection
	GlobalSection(SolutionProperties) = preSolution
		HideSolutionNode = FALSE
	EndGlobalSection
	GlobalSection(ExtensibilityGlobals) = postSolution
		SolutionGuid = {4F378112-714A-4261-9A7D-B5B2EC0270FF}
	EndGlobalSection
EndGlobal
